
Microsoft Visual Studio Solution File, Format Version 12.00
# Visual Studio 15
VisualStudioVersion = 15.0.27130.2027
MinimumVisualStudioVersion = 10.0.40219.1
Project("{FAE04EC0-301F-11D3-BF4B-00C04F79EFBC}") = "BitFlipping.UComments.Web", "BitFlipping.UComments.Web\BitFlipping.UComments.Web.csproj", "{AFEE8303-53A9-4B30-8548-12E024698309}"
EndProject
Project("{FAE04EC0-301F-11D3-BF4B-00C04F79EFBC}") = "BitFlipping.UComments", "BitFlipping.UComments\BitFlipping.UComments.csproj", "{7D9FEF8A-C3A2-4C8A-A29B-AB524060AC06}"
EndProject
Global
	GlobalSection(SolutionConfigurationPlatforms) = preSolution
		Debug|Any CPU = Debug|Any CPU
		Release|Any CPU = Release|Any CPU
	EndGlobalSection
	GlobalSection(ProjectConfigurationPlatforms) = postSolution
		{AFEE8303-53A9-4B30-8548-12E024698309}.Debug|Any CPU.ActiveCfg = Debug|Any CPU
		{AFEE8303-53A9-4B30-8548-12E024698309}.Debug|Any CPU.Build.0 = Debug|Any CPU
		{AFEE8303-53A9-4B30-8548-12E024698309}.Release|Any CPU.ActiveCfg = Release|Any CPU
		{AFEE8303-53A9-4B30-8548-12E024698309}.Release|Any CPU.Build.0 = Release|Any CPU
		{7D9FEF8A-C3A2-4C8A-A29B-AB524060AC06}.Debug|Any CPU.ActiveCfg = Debug|Any CPU
		{7D9FEF8A-C3A2-4C8A-A29B-AB524060AC06}.Debug|Any CPU.Build.0 = Debug|Any CPU
		{7D9FEF8A-C3A2-4C8A-A29B-AB524060AC06}.Release|Any CPU.ActiveCfg = Release|Any CPU
		{7D9FEF8A-C3A2-4C8A-A29B-AB524060AC06}.Release|Any CPU.Build.0 = Release|Any CPU
	EndGlobalSection
	GlobalSection(SolutionProperties) = preSolution
		HideSolutionNode = FALSE
	EndGlobalSection
	GlobalSection(ExtensibilityGlobals) = postSolution
		SolutionGuid = {565644FB-CE34-4CB9-8867-1A0F4481FF24}
	EndGlobalSection
EndGlobal
