{
  "name": "umbraco-comments",
  "version": "1.0.0",
  "lockfileVersion": 1,
  "requires": true,
  "dependencies": {
    "@types/angular": {
      "version": "1.6.40",
      "resolved": "https://registry.npmjs.org/@types/angular/-/angular-1.6.40.tgz",
      "integrity": "sha512-svgm2RiWEVvoNkeX+gDWA412KluZ6MBPQNu8SRkEfGmHgVhAZ6r3A+k51/KzeoEoY/GY9ZBT/Qc3fAjpGwCyJg==",
      "dev": true
    },
    "@types/jquery": {
      "version": "3.2.17",
      "resolved": "https://registry.npmjs.org/@types/jquery/-/jquery-3.2.17.tgz",
      "integrity": "sha512-lt8i2ZqymxxN1JnWSOTPU7Xc3ze32lhASkVdsMd6/SZnb/jtBsmFEoYCBSa0tzGDSyO7ZB+4r4aihj+KTlDs5w==",
      "dev": true
    },
    "@types/umbraco": {
      "version": "7.2.33",
      "resolved": "https://registry.npmjs.org/@types/umbraco/-/umbraco-7.2.33.tgz",
      "integrity": "sha1-kcUWT7UpzYKgFdj5HJpl2c/1I38=",
      "dev": true,
      "requires": {
        "@types/angular": "*"
      }
    }
  }
}
